
Microsoft Visual Studio Solution File, Format Version 12.00
# Visual Studio Version 17
VisualStudioVersion = 17.1.32421.90
MinimumVisualStudioVersion = 10.0.40219.1
Project("{9A19103F-16F7-4668-BE54-9A1E7A4F7556}") = "AxisAvaloniaApp", "AxisAvaloniaApp\AxisAvaloniaApp.csproj", "{8CA410FC-6365-4232-B9B7-4B762A5AC54C}"
EndProject
Project("{2150E333-8FDC-42A3-9474-1A3956D46DE8}") = "Solution Items", "Solution Items", "{7BC56D3B-E1CF-4E7B-9173-9965F14B398D}"
	ProjectSection(SolutionItems) = preProject
		.editorconfig = .editorconfig
	EndProjectSection
EndProject
Project("{9A19103F-16F7-4668-BE54-9A1E7A4F7556}") = "DataBase", "DataBase\DataBase.csproj", "{383495F2-5B9D-4180-9C9D-0E880807BCCC}"
EndProject
Project("{C7167F0D-BC9F-4E6E-AFE1-012C56B48DB5}") = "WindowsPackage", "WindowsPackage\WindowsPackage.wapproj", "{65234358-B2FD-4C58-9777-396FD3C8CEEE}"
EndProject
Global
	GlobalSection(SolutionConfigurationPlatforms) = preSolution
		Debug|Any CPU = Debug|Any CPU
		Debug|ARM = Debug|ARM
		Debug|ARM64 = Debug|ARM64
		Debug|x64 = Debug|x64
		Debug|x86 = Debug|x86
		Release|Any CPU = Release|Any CPU
		Release|ARM = Release|ARM
		Release|ARM64 = Release|ARM64
		Release|x64 = Release|x64
		Release|x86 = Release|x86
	EndGlobalSection
	GlobalSection(ProjectConfigurationPlatforms) = postSolution
		{8CA410FC-6365-4232-B9B7-4B762A5AC54C}.Debug|Any CPU.ActiveCfg = Debug|Any CPU
		{8CA410FC-6365-4232-B9B7-4B762A5AC54C}.Debug|Any CPU.Build.0 = Debug|Any CPU
		{8CA410FC-6365-4232-B9B7-4B762A5AC54C}.Debug|ARM.ActiveCfg = Debug|Any CPU
		{8CA410FC-6365-4232-B9B7-4B762A5AC54C}.Debug|ARM.Build.0 = Debug|Any CPU
		{8CA410FC-6365-4232-B9B7-4B762A5AC54C}.Debug|ARM64.ActiveCfg = Debug|Any CPU
		{8CA410FC-6365-4232-B9B7-4B762A5AC54C}.Debug|ARM64.Build.0 = Debug|Any CPU
		{8CA410FC-6365-4232-B9B7-4B762A5AC54C}.Debug|x64.ActiveCfg = Debug|Any CPU
		{8CA410FC-6365-4232-B9B7-4B762A5AC54C}.Debug|x64.Build.0 = Debug|Any CPU
		{8CA410FC-6365-4232-B9B7-4B762A5AC54C}.Debug|x86.ActiveCfg = Debug|Any CPU
		{8CA410FC-6365-4232-B9B7-4B762A5AC54C}.Debug|x86.Build.0 = Debug|Any CPU
		{8CA410FC-6365-4232-B9B7-4B762A5AC54C}.Release|Any CPU.ActiveCfg = Release|Any CPU
		{8CA410FC-6365-4232-B9B7-4B762A5AC54C}.Release|Any CPU.Build.0 = Release|Any CPU
		{8CA410FC-6365-4232-B9B7-4B762A5AC54C}.Release|ARM.ActiveCfg = Release|Any CPU
		{8CA410FC-6365-4232-B9B7-4B762A5AC54C}.Release|ARM.Build.0 = Release|Any CPU
		{8CA410FC-6365-4232-B9B7-4B762A5AC54C}.Release|ARM64.ActiveCfg = Release|Any CPU
		{8CA410FC-6365-4232-B9B7-4B762A5AC54C}.Release|ARM64.Build.0 = Release|Any CPU
		{8CA410FC-6365-4232-B9B7-4B762A5AC54C}.Release|x64.ActiveCfg = Release|Any CPU
		{8CA410FC-6365-4232-B9B7-4B762A5AC54C}.Release|x64.Build.0 = Release|Any CPU
		{8CA410FC-6365-4232-B9B7-4B762A5AC54C}.Release|x86.ActiveCfg = Release|Any CPU
		{8CA410FC-6365-4232-B9B7-4B762A5AC54C}.Release|x86.Build.0 = Release|Any CPU
		{383495F2-5B9D-4180-9C9D-0E880807BCCC}.Debug|Any CPU.ActiveCfg = Debug|Any CPU
		{383495F2-5B9D-4180-9C9D-0E880807BCCC}.Debug|Any CPU.Build.0 = Debug|Any CPU
		{383495F2-5B9D-4180-9C9D-0E880807BCCC}.Debug|ARM.ActiveCfg = Debug|Any CPU
		{383495F2-5B9D-4180-9C9D-0E880807BCCC}.Debug|ARM.Build.0 = Debug|Any CPU
		{383495F2-5B9D-4180-9C9D-0E880807BCCC}.Debug|ARM64.ActiveCfg = Debug|Any CPU
		{383495F2-5B9D-4180-9C9D-0E880807BCCC}.Debug|ARM64.Build.0 = Debug|Any CPU
		{383495F2-5B9D-4180-9C9D-0E880807BCCC}.Debug|x64.ActiveCfg = Debug|Any CPU
		{383495F2-5B9D-4180-9C9D-0E880807BCCC}.Debug|x64.Build.0 = Debug|Any CPU
		{383495F2-5B9D-4180-9C9D-0E880807BCCC}.Debug|x86.ActiveCfg = Debug|Any CPU
		{383495F2-5B9D-4180-9C9D-0E880807BCCC}.Debug|x86.Build.0 = Debug|Any CPU
		{383495F2-5B9D-4180-9C9D-0E880807BCCC}.Release|Any CPU.ActiveCfg = Release|Any CPU
		{383495F2-5B9D-4180-9C9D-0E880807BCCC}.Release|Any CPU.Build.0 = Release|Any CPU
		{383495F2-5B9D-4180-9C9D-0E880807BCCC}.Release|ARM.ActiveCfg = Release|Any CPU
		{383495F2-5B9D-4180-9C9D-0E880807BCCC}.Release|ARM.Build.0 = Release|Any CPU
		{383495F2-5B9D-4180-9C9D-0E880807BCCC}.Release|ARM64.ActiveCfg = Release|Any CPU
		{383495F2-5B9D-4180-9C9D-0E880807BCCC}.Release|ARM64.Build.0 = Release|Any CPU
		{383495F2-5B9D-4180-9C9D-0E880807BCCC}.Release|x64.ActiveCfg = Release|Any CPU
		{383495F2-5B9D-4180-9C9D-0E880807BCCC}.Release|x64.Build.0 = Release|Any CPU
		{383495F2-5B9D-4180-9C9D-0E880807BCCC}.Release|x86.ActiveCfg = Release|Any CPU
		{383495F2-5B9D-4180-9C9D-0E880807BCCC}.Release|x86.Build.0 = Release|Any CPU
		{65234358-B2FD-4C58-9777-396FD3C8CEEE}.Debug|Any CPU.ActiveCfg = Debug|Any CPU
		{65234358-B2FD-4C58-9777-396FD3C8CEEE}.Debug|Any CPU.Build.0 = Debug|Any CPU
		{65234358-B2FD-4C58-9777-396FD3C8CEEE}.Debug|Any CPU.Deploy.0 = Debug|Any CPU
		{65234358-B2FD-4C58-9777-396FD3C8CEEE}.Debug|ARM.ActiveCfg = Debug|ARM
		{65234358-B2FD-4C58-9777-396FD3C8CEEE}.Debug|ARM.Build.0 = Debug|ARM
		{65234358-B2FD-4C58-9777-396FD3C8CEEE}.Debug|ARM.Deploy.0 = Debug|ARM
		{65234358-B2FD-4C58-9777-396FD3C8CEEE}.Debug|ARM64.ActiveCfg = Debug|ARM64
		{65234358-B2FD-4C58-9777-396FD3C8CEEE}.Debug|ARM64.Build.0 = Debug|ARM64
		{65234358-B2FD-4C58-9777-396FD3C8CEEE}.Debug|ARM64.Deploy.0 = Debug|ARM64
		{65234358-B2FD-4C58-9777-396FD3C8CEEE}.Debug|x64.ActiveCfg = Debug|x64
		{65234358-B2FD-4C58-9777-396FD3C8CEEE}.Debug|x64.Build.0 = Debug|x64
		{65234358-B2FD-4C58-9777-396FD3C8CEEE}.Debug|x64.Deploy.0 = Debug|x64
		{65234358-B2FD-4C58-9777-396FD3C8CEEE}.Debug|x86.ActiveCfg = Debug|x86
		{65234358-B2FD-4C58-9777-396FD3C8CEEE}.Debug|x86.Build.0 = Debug|x86
		{65234358-B2FD-4C58-9777-396FD3C8CEEE}.Debug|x86.Deploy.0 = Debug|x86
		{65234358-B2FD-4C58-9777-396FD3C8CEEE}.Release|Any CPU.ActiveCfg = Release|Any CPU
		{65234358-B2FD-4C58-9777-396FD3C8CEEE}.Release|Any CPU.Build.0 = Release|Any CPU
		{65234358-B2FD-4C58-9777-396FD3C8CEEE}.Release|Any CPU.Deploy.0 = Release|Any CPU
		{65234358-B2FD-4C58-9777-396FD3C8CEEE}.Release|ARM.ActiveCfg = Release|ARM
		{65234358-B2FD-4C58-9777-396FD3C8CEEE}.Release|ARM.Build.0 = Release|ARM
		{65234358-B2FD-4C58-9777-396FD3C8CEEE}.Release|ARM.Deploy.0 = Release|ARM
		{65234358-B2FD-4C58-9777-396FD3C8CEEE}.Release|ARM64.ActiveCfg = Release|ARM64
		{65234358-B2FD-4C58-9777-396FD3C8CEEE}.Release|ARM64.Build.0 = Release|ARM64
		{65234358-B2FD-4C58-9777-396FD3C8CEEE}.Release|ARM64.Deploy.0 = Release|ARM64
		{65234358-B2FD-4C58-9777-396FD3C8CEEE}.Release|x64.ActiveCfg = Release|x64
		{65234358-B2FD-4C58-9777-396FD3C8CEEE}.Release|x64.Build.0 = Release|x64
		{65234358-B2FD-4C58-9777-396FD3C8CEEE}.Release|x64.Deploy.0 = Release|x64
		{65234358-B2FD-4C58-9777-396FD3C8CEEE}.Release|x86.ActiveCfg = Release|x86
		{65234358-B2FD-4C58-9777-396FD3C8CEEE}.Release|x86.Build.0 = Release|x86
		{65234358-B2FD-4C58-9777-396FD3C8CEEE}.Release|x86.Deploy.0 = Release|x86
	EndGlobalSection
	GlobalSection(SolutionProperties) = preSolution
		HideSolutionNode = FALSE
	EndGlobalSection
	GlobalSection(ExtensibilityGlobals) = postSolution
		SolutionGuid = {362D4EEA-55FA-4D48-A1FE-D8D8A5CDFEE4}
	EndGlobalSection
EndGlobal
